// !$*UTF8*$!
{
	archiveVersion = 1;
	classes = {
	};
	objectVersion = 56;
	objects = {

/* Begin PBXBuildFile section */
		5596B6E4298A1CA4003F5648 /* AppDelegate.swift in Sources */ = {isa = PBXBuildFile; fileRef = 5596B6E3298A1CA4003F5648 /* AppDelegate.swift */; };
		5596B6E6298A1CA4003F5648 /* SceneDelegate.swift in Sources */ = {isa = PBXBuildFile; fileRef = 5596B6E5298A1CA4003F5648 /* SceneDelegate.swift */; };
		5596B6E8298A1CA4003F5648 /* ViewController.swift in Sources */ = {isa = PBXBuildFile; fileRef = 5596B6E7298A1CA4003F5648 /* ViewController.swift */; };
		5596B6EB298A1CA4003F5648 /* Main.storyboard in Resources */ = {isa = PBXBuildFile; fileRef = 5596B6E9298A1CA4003F5648 /* Main.storyboard */; };
		5596B6ED298A1CA5003F5648 /* Assets.xcassets in Resources */ = {isa = PBXBuildFile; fileRef = 5596B6EC298A1CA5003F5648 /* Assets.xcassets */; };
		5596B6F0298A1CA5003F5648 /* LaunchScreen.storyboard in Resources */ = {isa = PBXBuildFile; fileRef = 5596B6EE298A1CA5003F5648 /* LaunchScreen.storyboard */; };
		5596B6FB298A1CA5003F5648 /* KittyFactsTests.swift in Sources */ = {isa = PBXBuildFile; fileRef = 5596B6FA298A1CA5003F5648 /* KittyFactsTests.swift */; };
		5596B705298A1CA5003F5648 /* KittyFactsUITests.swift in Sources */ = {isa = PBXBuildFile; fileRef = 5596B704298A1CA5003F5648 /* KittyFactsUITests.swift */; };
		5596B707298A1CA5003F5648 /* KittyFactsUITestsLaunchTests.swift in Sources */ = {isa = PBXBuildFile; fileRef = 5596B706298A1CA5003F5648 /* KittyFactsUITestsLaunchTests.swift */; };
		5596B717298A263D003F5648 /* APIConstants.swift in Sources */ = {isa = PBXBuildFile; fileRef = 5596B716298A263D003F5648 /* APIConstants.swift */; };
		5596B719298A27F1003F5648 /* WebAPIRequest.swift in Sources */ = {isa = PBXBuildFile; fileRef = 5596B718298A27F1003F5648 /* WebAPIRequest.swift */; };
		5596B71C298A2D09003F5648 /* KittyManager.swift in Sources */ = {isa = PBXBuildFile; fileRef = 5596B71B298A2D09003F5648 /* KittyManager.swift */; };
		5596B71E298A2DA1003F5648 /* KittyViewModel.swift in Sources */ = {isa = PBXBuildFile; fileRef = 5596B71D298A2DA1003F5648 /* KittyViewModel.swift */; };
		5596B720298A2DC2003F5648 /* KittyDescription.swift in Sources */ = {isa = PBXBuildFile; fileRef = 5596B71F298A2DC2003F5648 /* KittyDescription.swift */; };
/* End PBXBuildFile section */

/* Begin PBXContainerItemProxy section */
		5596B6F7298A1CA5003F5648 /* PBXContainerItemProxy */ = {
			isa = PBXContainerItemProxy;
			containerPortal = 5596B6D8298A1CA4003F5648 /* Project object */;
			proxyType = 1;
			remoteGlobalIDString = 5596B6DF298A1CA4003F5648;
			remoteInfo = KittyFacts;
		};
		5596B701298A1CA5003F5648 /* PBXContainerItemProxy */ = {
			isa = PBXContainerItemProxy;
			containerPortal = 5596B6D8298A1CA4003F5648 /* Project object */;
			proxyType = 1;
			remoteGlobalIDString = 5596B6DF298A1CA4003F5648;
			remoteInfo = KittyFacts;
		};
/* End PBXContainerItemProxy section */

/* Begin PBXFileReference section */
		5596B6E0298A1CA4003F5648 /* KittyFacts.app */ = {isa = PBXFileReference; explicitFileType = wrapper.application; includeInIndex = 0; path = KittyFacts.app; sourceTree = BUILT_PRODUCTS_DIR; };
		5596B6E3298A1CA4003F5648 /* AppDelegate.swift */ = {isa = PBXFileReference; lastKnownFileType = sourcecode.swift; path = AppDelegate.swift; sourceTree = "<group>"; };
		5596B6E5298A1CA4003F5648 /* SceneDelegate.swift */ = {isa = PBXFileReference; lastKnownFileType = sourcecode.swift; path = SceneDelegate.swift; sourceTree = "<group>"; };
		5596B6E7298A1CA4003F5648 /* ViewController.swift */ = {isa = PBXFileReference; lastKnownFileType = sourcecode.swift; path = ViewController.swift; sourceTree = "<group>"; };
		5596B6EA298A1CA4003F5648 /* Base */ = {isa = PBXFileReference; lastKnownFileType = file.storyboard; name = Base; path = Base.lproj/Main.storyboard; sourceTree = "<group>"; };
		5596B6EC298A1CA5003F5648 /* Assets.xcassets */ = {isa = PBXFileReference; lastKnownFileType = folder.assetcatalog; path = Assets.xcassets; sourceTree = "<group>"; };
		5596B6EF298A1CA5003F5648 /* Base */ = {isa = PBXFileReference; lastKnownFileType = file.storyboard; name = Base; path = Base.lproj/LaunchScreen.storyboard; sourceTree = "<group>"; };
		5596B6F1298A1CA5003F5648 /* Info.plist */ = {isa = PBXFileReference; lastKnownFileType = text.plist.xml; path = Info.plist; sourceTree = "<group>"; };
		5596B6F6298A1CA5003F5648 /* KittyFactsTests.xctest */ = {isa = PBXFileReference; explicitFileType = wrapper.cfbundle; includeInIndex = 0; path = KittyFactsTests.xctest; sourceTree = BUILT_PRODUCTS_DIR; };
		5596B6FA298A1CA5003F5648 /* KittyFactsTests.swift */ = {isa = PBXFileReference; lastKnownFileType = sourcecode.swift; path = KittyFactsTests.swift; sourceTree = "<group>"; };
		5596B700298A1CA5003F5648 /* KittyFactsUITests.xctest */ = {isa = PBXFileReference; explicitFileType = wrapper.cfbundle; includeInIndex = 0; path = KittyFactsUITests.xctest; sourceTree = BUILT_PRODUCTS_DIR; };
		5596B704298A1CA5003F5648 /* KittyFactsUITests.swift */ = {isa = PBXFileReference; lastKnownFileType = sourcecode.swift; path = KittyFactsUITests.swift; sourceTree = "<group>"; };
		5596B706298A1CA5003F5648 /* KittyFactsUITestsLaunchTests.swift */ = {isa = PBXFileReference; lastKnownFileType = sourcecode.swift; path = KittyFactsUITestsLaunchTests.swift; sourceTree = "<group>"; };
		5596B716298A263D003F5648 /* APIConstants.swift */ = {isa = PBXFileReference; lastKnownFileType = sourcecode.swift; path = APIConstants.swift; sourceTree = "<group>"; };
		5596B718298A27F1003F5648 /* WebAPIRequest.swift */ = {isa = PBXFileReference; lastKnownFileType = sourcecode.swift; path = WebAPIRequest.swift; sourceTree = "<group>"; };
		5596B71B298A2D09003F5648 /* KittyManager.swift */ = {isa = PBXFileReference; lastKnownFileType = sourcecode.swift; path = KittyManager.swift; sourceTree = "<group>"; };
		5596B71D298A2DA1003F5648 /* KittyViewModel.swift */ = {isa = PBXFileReference; lastKnownFileType = sourcecode.swift; path = KittyViewModel.swift; sourceTree = "<group>"; };
		5596B71F298A2DC2003F5648 /* KittyDescription.swift */ = {isa = PBXFileReference; lastKnownFileType = sourcecode.swift; path = KittyDescription.swift; sourceTree = "<group>"; };
/* End PBXFileReference section */

/* Begin PBXFrameworksBuildPhase section */
		5596B6DD298A1CA4003F5648 /* Frameworks */ = {
			isa = PBXFrameworksBuildPhase;
			buildActionMask = 2147483647;
			files = (
			);
			runOnlyForDeploymentPostprocessing = 0;
		};
		5596B6F3298A1CA5003F5648 /* Frameworks */ = {
			isa = PBXFrameworksBuildPhase;
			buildActionMask = 2147483647;
			files = (
			);
			runOnlyForDeploymentPostprocessing = 0;
		};
		5596B6FD298A1CA5003F5648 /* Frameworks */ = {
			isa = PBXFrameworksBuildPhase;
			buildActionMask = 2147483647;
			files = (
			);
			runOnlyForDeploymentPostprocessing = 0;
		};
/* End PBXFrameworksBuildPhase section */

/* Begin PBXGroup section */
		5596B6D7298A1CA4003F5648 = {
			isa = PBXGroup;
			children = (
				5596B6E2298A1CA4003F5648 /* KittyFacts */,
				5596B6F9298A1CA5003F5648 /* KittyFactsTests */,
				5596B703298A1CA5003F5648 /* KittyFactsUITests */,
				5596B6E1298A1CA4003F5648 /* Products */,
			);
			sourceTree = "<group>";
		};
		5596B6E1298A1CA4003F5648 /* Products */ = {
			isa = PBXGroup;
			children = (
				5596B6E0298A1CA4003F5648 /* KittyFacts.app */,
				5596B6F6298A1CA5003F5648 /* KittyFactsTests.xctest */,
				5596B700298A1CA5003F5648 /* KittyFactsUITests.xctest */,
			);
			name = Products;
			sourceTree = "<group>";
		};
		5596B6E2298A1CA4003F5648 /* KittyFacts */ = {
			isa = PBXGroup;
			children = (
				5596B6E3298A1CA4003F5648 /* AppDelegate.swift */,
				5596B6E5298A1CA4003F5648 /* SceneDelegate.swift */,
				5596B71A298A2CD1003F5648 /* KittyManager */,
				5596B715298A1CE5003F5648 /* Network */,
				5596B714298A1CD6003F5648 /* ViewModel */,
				5596B713298A1CCC003F5648 /* Model */,
				5596B6E7298A1CA4003F5648 /* ViewController.swift */,
				5596B6E9298A1CA4003F5648 /* Main.storyboard */,
				5596B6EC298A1CA5003F5648 /* Assets.xcassets */,
				5596B6EE298A1CA5003F5648 /* LaunchScreen.storyboard */,
				5596B6F1298A1CA5003F5648 /* Info.plist */,
			);
			path = KittyFacts;
			sourceTree = "<group>";
		};
		5596B6F9298A1CA5003F5648 /* KittyFactsTests */ = {
			isa = PBXGroup;
			children = (
				5596B6FA298A1CA5003F5648 /* KittyFactsTests.swift */,
			);
			path = KittyFactsTests;
			sourceTree = "<group>";
		};
		5596B703298A1CA5003F5648 /* KittyFactsUITests */ = {
			isa = PBXGroup;
			children = (
				5596B704298A1CA5003F5648 /* KittyFactsUITests.swift */,
				5596B706298A1CA5003F5648 /* KittyFactsUITestsLaunchTests.swift */,
			);
			path = KittyFactsUITests;
			sourceTree = "<group>";
		};
		5596B713298A1CCC003F5648 /* Model */ = {
			isa = PBXGroup;
			children = (
				5596B71F298A2DC2003F5648 /* KittyDescription.swift */,
			);
			path = Model;
			sourceTree = "<group>";
		};
		5596B714298A1CD6003F5648 /* ViewModel */ = {
			isa = PBXGroup;
			children = (
				5596B71D298A2DA1003F5648 /* KittyViewModel.swift */,
			);
			path = ViewModel;
			sourceTree = "<group>";
		};
		5596B715298A1CE5003F5648 /* Network */ = {
			isa = PBXGroup;
			children = (
				5596B716298A263D003F5648 /* APIConstants.swift */,
				5596B718298A27F1003F5648 /* WebAPIRequest.swift */,
			);
			path = Network;
			sourceTree = "<group>";
		};
		5596B71A298A2CD1003F5648 /* KittyManager */ = {
			isa = PBXGroup;
			children = (
				5596B71B298A2D09003F5648 /* KittyManager.swift */,
			);
			path = KittyManager;
			sourceTree = "<group>";
		};
/* End PBXGroup section */

/* Begin PBXNativeTarget section */
		5596B6DF298A1CA4003F5648 /* KittyFacts */ = {
			isa = PBXNativeTarget;
			buildConfigurationList = 5596B70A298A1CA5003F5648 /* Build configuration list for PBXNativeTarget "KittyFacts" */;
			buildPhases = (
				5596B6DC298A1CA4003F5648 /* Sources */,
				5596B6DD298A1CA4003F5648 /* Frameworks */,
				5596B6DE298A1CA4003F5648 /* Resources */,
			);
			buildRules = (
			);
			dependencies = (
			);
			name = KittyFacts;
			productName = KittyFacts;
			productReference = 5596B6E0298A1CA4003F5648 /* KittyFacts.app */;
			productType = "com.apple.product-type.application";
		};
		5596B6F5298A1CA5003F5648 /* KittyFactsTests */ = {
			isa = PBXNativeTarget;
			buildConfigurationList = 5596B70D298A1CA5003F5648 /* Build configuration list for PBXNativeTarget "KittyFactsTests" */;
			buildPhases = (
				5596B6F2298A1CA5003F5648 /* Sources */,
				5596B6F3298A1CA5003F5648 /* Frameworks */,
				5596B6F4298A1CA5003F5648 /* Resources */,
			);
			buildRules = (
			);
			dependencies = (
				5596B6F8298A1CA5003F5648 /* PBXTargetDependency */,
			);
			name = KittyFactsTests;
			productName = KittyFactsTests;
			productReference = 5596B6F6298A1CA5003F5648 /* KittyFactsTests.xctest */;
			productType = "com.apple.product-type.bundle.unit-test";
		};
		5596B6FF298A1CA5003F5648 /* KittyFactsUITests */ = {
			isa = PBXNativeTarget;
			buildConfigurationList = 5596B710298A1CA5003F5648 /* Build configuration list for PBXNativeTarget "KittyFactsUITests" */;
			buildPhases = (
				5596B6FC298A1CA5003F5648 /* Sources */,
				5596B6FD298A1CA5003F5648 /* Frameworks */,
				5596B6FE298A1CA5003F5648 /* Resources */,
			);
			buildRules = (
			);
			dependencies = (
				5596B702298A1CA5003F5648 /* PBXTargetDependency */,
			);
			name = KittyFactsUITests;
			productName = KittyFactsUITests;
			productReference = 5596B700298A1CA5003F5648 /* KittyFactsUITests.xctest */;
			productType = "com.apple.product-type.bundle.ui-testing";
		};
/* End PBXNativeTarget section */

/* Begin PBXProject section */
		5596B6D8298A1CA4003F5648 /* Project object */ = {
			isa = PBXProject;
			attributes = {
				BuildIndependentTargetsInParallel = 1;
				LastSwiftUpdateCheck = 1420;
				LastUpgradeCheck = 1420;
				TargetAttributes = {
					5596B6DF298A1CA4003F5648 = {
						CreatedOnToolsVersion = 14.2;
					};
					5596B6F5298A1CA5003F5648 = {
						CreatedOnToolsVersion = 14.2;
						TestTargetID = 5596B6DF298A1CA4003F5648;
					};
					5596B6FF298A1CA5003F5648 = {
						CreatedOnToolsVersion = 14.2;
						TestTargetID = 5596B6DF298A1CA4003F5648;
					};
				};
			};
			buildConfigurationList = 5596B6DB298A1CA4003F5648 /* Build configuration list for PBXProject "KittyFacts" */;
			compatibilityVersion = "Xcode 14.0";
			developmentRegion = en;
			hasScannedForEncodings = 0;
			knownRegions = (
				en,
				Base,
			);
			mainGroup = 5596B6D7298A1CA4003F5648;
			productRefGroup = 5596B6E1298A1CA4003F5648 /* Products */;
			projectDirPath = "";
			projectRoot = "";
			targets = (
				5596B6DF298A1CA4003F5648 /* KittyFacts */,
				5596B6F5298A1CA5003F5648 /* KittyFactsTests */,
				5596B6FF298A1CA5003F5648 /* KittyFactsUITests */,
			);
		};
/* End PBXProject section */

/* Begin PBXResourcesBuildPhase section */
		5596B6DE298A1CA4003F5648 /* Resources */ = {
			isa = PBXResourcesBuildPhase;
			buildActionMask = 2147483647;
			files = (
				5596B6F0298A1CA5003F5648 /* LaunchScreen.storyboard in Resources */,
				5596B6ED298A1CA5003F5648 /* Assets.xcassets in Resources */,
				5596B6EB298A1CA4003F5648 /* Main.storyboard in Resources */,
			);
			runOnlyForDeploymentPostprocessing = 0;
		};
		5596B6F4298A1CA5003F5648 /* Resources */ = {
			isa = PBXResourcesBuildPhase;
			buildActionMask = 2147483647;
			files = (
			);
			runOnlyForDeploymentPostprocessing = 0;
		};
		5596B6FE298A1CA5003F5648 /* Resources */ = {
			isa = PBXResourcesBuildPhase;
			buildActionMask = 2147483647;
			files = (
			);
			runOnlyForDeploymentPostprocessing = 0;
		};
/* End PBXResourcesBuildPhase section */

/* Begin PBXSourcesBuildPhase section */
		5596B6DC298A1CA4003F5648 /* Sources */ = {
			isa = PBXSourcesBuildPhase;
			buildActionMask = 2147483647;
			files = (
				5596B720298A2DC2003F5648 /* KittyDescription.swift in Sources */,
				5596B717298A263D003F5648 /* APIConstants.swift in Sources */,
				5596B71E298A2DA1003F5648 /* KittyViewModel.swift in Sources */,
				5596B6E8298A1CA4003F5648 /* ViewController.swift in Sources */,
				5596B6E4298A1CA4003F5648 /* AppDelegate.swift in Sources */,
				5596B71C298A2D09003F5648 /* KittyManager.swift in Sources */,
				5596B719298A27F1003F5648 /* WebAPIRequest.swift in Sources */,
				5596B6E6298A1CA4003F5648 /* SceneDelegate.swift in Sources */,
			);
			runOnlyForDeploymentPostprocessing = 0;
		};
		5596B6F2298A1CA5003F5648 /* Sources */ = {
			isa = PBXSourcesBuildPhase;
			buildActionMask = 2147483647;
			files = (
				5596B6FB298A1CA5003F5648 /* KittyFactsTests.swift in Sources */,
			);
			runOnlyForDeploymentPostprocessing = 0;
		};
		5596B6FC298A1CA5003F5648 /* Sources */ = {
			isa = PBXSourcesBuildPhase;
			buildActionMask = 2147483647;
			files = (
				5596B707298A1CA5003F5648 /* KittyFactsUITestsLaunchTests.swift in Sources */,
				5596B705298A1CA5003F5648 /* KittyFactsUITests.swift in Sources */,
			);
			runOnlyForDeploymentPostprocessing = 0;
		};
/* End PBXSourcesBuildPhase section */

/* Begin PBXTargetDependency section */
		5596B6F8298A1CA5003F5648 /* PBXTargetDependency */ = {
			isa = PBXTargetDependency;
			target = 5596B6DF298A1CA4003F5648 /* KittyFacts */;
			targetProxy = 5596B6F7298A1CA5003F5648 /* PBXContainerItemProxy */;
		};
		5596B702298A1CA5003F5648 /* PBXTargetDependency */ = {
			isa = PBXTargetDependency;
			target = 5596B6DF298A1CA4003F5648 /* KittyFacts */;
			targetProxy = 5596B701298A1CA5003F5648 /* PBXContainerItemProxy */;
		};
/* End PBXTargetDependency section */

/* Begin PBXVariantGroup section */
		5596B6E9298A1CA4003F5648 /* Main.storyboard */ = {
			isa = PBXVariantGroup;
			children = (
				5596B6EA298A1CA4003F5648 /* Base */,
			);
			name = Main.storyboard;
			sourceTree = "<group>";
		};
		5596B6EE298A1CA5003F5648 /* LaunchScreen.storyboard */ = {
			isa = PBXVariantGroup;
			children = (
				5596B6EF298A1CA5003F5648 /* Base */,
			);
			name = LaunchScreen.storyboard;
			sourceTree = "<group>";
		};
/* End PBXVariantGroup section */

/* Begin XCBuildConfiguration section */
		5596B708298A1CA5003F5648 /* Debug */ = {
			isa = XCBuildConfiguration;
			buildSettings = {
				ALWAYS_SEARCH_USER_PATHS = NO;
				CLANG_ANALYZER_NONNULL = YES;
				CLANG_ANALYZER_NUMBER_OBJECT_CONVERSION = YES_AGGRESSIVE;
				CLANG_CXX_LANGUAGE_STANDARD = "gnu++20";
				CLANG_ENABLE_MODULES = YES;
				CLANG_ENABLE_OBJC_ARC = YES;
				CLANG_ENABLE_OBJC_WEAK = YES;
				CLANG_WARN_BLOCK_CAPTURE_AUTORELEASING = YES;
				CLANG_WARN_BOOL_CONVERSION = YES;
				CLANG_WARN_COMMA = YES;
				CLANG_WARN_CONSTANT_CONVERSION = YES;
				CLANG_WARN_DEPRECATED_OBJC_IMPLEMENTATIONS = YES;
				CLANG_WARN_DIRECT_OBJC_ISA_USAGE = YES_ERROR;
				CLANG_WARN_DOCUMENTATION_COMMENTS = YES;
				CLANG_WARN_EMPTY_BODY = YES;
				CLANG_WARN_ENUM_CONVERSION = YES;
				CLANG_WARN_INFINITE_RECURSION = YES;
				CLANG_WARN_INT_CONVERSION = YES;
				CLANG_WARN_NON_LITERAL_NULL_CONVERSION = YES;
				CLANG_WARN_OBJC_IMPLICIT_RETAIN_SELF = YES;
				CLANG_WARN_OBJC_LITERAL_CONVERSION = YES;
				CLANG_WARN_OBJC_ROOT_CLASS = YES_ERROR;
				CLANG_WARN_QUOTED_INCLUDE_IN_FRAMEWORK_HEADER = YES;
				CLANG_WARN_RANGE_LOOP_ANALYSIS = YES;
				CLANG_WARN_STRICT_PROTOTYPES = YES;
				CLANG_WARN_SUSPICIOUS_MOVE = YES;
				CLANG_WARN_UNGUARDED_AVAILABILITY = YES_AGGRESSIVE;
				CLANG_WARN_UNREACHABLE_CODE = YES;
				CLANG_WARN__DUPLICATE_METHOD_MATCH = YES;
				COPY_PHASE_STRIP = NO;
				DEBUG_INFORMATION_FORMAT = dwarf;
				ENABLE_STRICT_OBJC_MSGSEND = YES;
				ENABLE_TESTABILITY = YES;
				GCC_C_LANGUAGE_STANDARD = gnu11;
				GCC_DYNAMIC_NO_PIC = NO;
				GCC_NO_COMMON_BLOCKS = YES;
				GCC_OPTIMIZATION_LEVEL = 0;
				GCC_PREPROCESSOR_DEFINITIONS = (
					"DEBUG=1",
					"$(inherited)",
				);
				GCC_WARN_64_TO_32_BIT_CONVERSION = YES;
				GCC_WARN_ABOUT_RETURN_TYPE = YES_ERROR;
				GCC_WARN_UNDECLARED_SELECTOR = YES;
				GCC_WARN_UNINITIALIZED_AUTOS = YES_AGGRESSIVE;
				GCC_WARN_UNUSED_FUNCTION = YES;
				GCC_WARN_UNUSED_VARIABLE = YES;
				IPHONEOS_DEPLOYMENT_TARGET = 16.2;
				MTL_ENABLE_DEBUG_INFO = INCLUDE_SOURCE;
				MTL_FAST_MATH = YES;
				ONLY_ACTIVE_ARCH = YES;
				SDKROOT = iphoneos;
				SWIFT_ACTIVE_COMPILATION_CONDITIONS = DEBUG;
				SWIFT_OPTIMIZATION_LEVEL = "-Onone";
			};
			name = Debug;
		};
		5596B709298A1CA5003F5648 /* Release */ = {
			isa = XCBuildConfiguration;
			buildSettings = {
				ALWAYS_SEARCH_USER_PATHS = NO;
				CLANG_ANALYZER_NONNULL = YES;
				CLANG_ANALYZER_NUMBER_OBJECT_CONVERSION = YES_AGGRESSIVE;
				CLANG_CXX_LANGUAGE_STANDARD = "gnu++20";
				CLANG_ENABLE_MODULES = YES;
				CLANG_ENABLE_OBJC_ARC = YES;
				CLANG_ENABLE_OBJC_WEAK = YES;
				CLANG_WARN_BLOCK_CAPTURE_AUTORELEASING = YES;
				CLANG_WARN_BOOL_CONVERSION = YES;
				CLANG_WARN_COMMA = YES;
				CLANG_WARN_CONSTANT_CONVERSION = YES;
				CLANG_WARN_DEPRECATED_OBJC_IMPLEMENTATIONS = YES;
				CLANG_WARN_DIRECT_OBJC_ISA_USAGE = YES_ERROR;
				CLANG_WARN_DOCUMENTATION_COMMENTS = YES;
				CLANG_WARN_EMPTY_BODY = YES;
				CLANG_WARN_ENUM_CONVERSION = YES;
				CLANG_WARN_INFINITE_RECURSION = YES;
				CLANG_WARN_INT_CONVERSION = YES;
				CLANG_WARN_NON_LITERAL_NULL_CONVERSION = YES;
				CLANG_WARN_OBJC_IMPLICIT_RETAIN_SELF = YES;
				CLANG_WARN_OBJC_LITERAL_CONVERSION = YES;
				CLANG_WARN_OBJC_ROOT_CLASS = YES_ERROR;
				CLANG_WARN_QUOTED_INCLUDE_IN_FRAMEWORK_HEADER = YES;
				CLANG_WARN_RANGE_LOOP_ANALYSIS = YES;
				CLANG_WARN_STRICT_PROTOTYPES = YES;
				CLANG_WARN_SUSPICIOUS_MOVE = YES;
				CLANG_WARN_UNGUARDED_AVAILABILITY = YES_AGGRESSIVE;
				CLANG_WARN_UNREACHABLE_CODE = YES;
				CLANG_WARN__DUPLICATE_METHOD_MATCH = YES;
				COPY_PHASE_STRIP = NO;
				DEBUG_INFORMATION_FORMAT = "dwarf-with-dsym";
				ENABLE_NS_ASSERTIONS = NO;
				ENABLE_STRICT_OBJC_MSGSEND = YES;
				GCC_C_LANGUAGE_STANDARD = gnu11;
				GCC_NO_COMMON_BLOCKS = YES;
				GCC_WARN_64_TO_32_BIT_CONVERSION = YES;
				GCC_WARN_ABOUT_RETURN_TYPE = YES_ERROR;
				GCC_WARN_UNDECLARED_SELECTOR = YES;
				GCC_WARN_UNINITIALIZED_AUTOS = YES_AGGRESSIVE;
				GCC_WARN_UNUSED_FUNCTION = YES;
				GCC_WARN_UNUSED_VARIABLE = YES;
				IPHONEOS_DEPLOYMENT_TARGET = 16.2;
				MTL_ENABLE_DEBUG_INFO = NO;
				MTL_FAST_MATH = YES;
				SDKROOT = iphoneos;
				SWIFT_COMPILATION_MODE = wholemodule;
				SWIFT_OPTIMIZATION_LEVEL = "-O";
				VALIDATE_PRODUCT = YES;
			};
			name = Release;
		};
		5596B70B298A1CA5003F5648 /* Debug */ = {
			isa = XCBuildConfiguration;
			buildSettings = {
				ASSETCATALOG_COMPILER_APPICON_NAME = AppIcon;
				ASSETCATALOG_COMPILER_GLOBAL_ACCENT_COLOR_NAME = AccentColor;
				CODE_SIGN_STYLE = Automatic;
				CURRENT_PROJECT_VERSION = 1;
				GENERATE_INFOPLIST_FILE = YES;
				INFOPLIST_FILE = KittyFacts/Info.plist;
				INFOPLIST_KEY_UIApplicationSupportsIndirectInputEvents = YES;
				INFOPLIST_KEY_UILaunchStoryboardName = LaunchScreen;
				INFOPLIST_KEY_UIMainStoryboardFile = Main;
				INFOPLIST_KEY_UISupportedInterfaceOrientations_iPad = "UIInterfaceOrientationPortrait UIInterfaceOrientationPortraitUpsideDown UIInterfaceOrientationLandscapeLeft UIInterfaceOrientationLandscapeRight";
				INFOPLIST_KEY_UISupportedInterfaceOrientations_iPhone = "UIInterfaceOrientationPortrait UIInterfaceOrientationLandscapeLeft UIInterfaceOrientationLandscapeRight";
				LD_RUNPATH_SEARCH_PATHS = (
					"$(inherited)",
					"@executable_path/Frameworks",
				);
				MARKETING_VERSION = 1.0;
				PRODUCT_BUNDLE_IDENTIFIER = com.swapnil.KittyFacts;
				PRODUCT_NAME = "$(TARGET_NAME)";
				SWIFT_EMIT_LOC_STRINGS = YES;
				SWIFT_VERSION = 5.0;
				TARGETED_DEVICE_FAMILY = "1,2";
			};
			name = Debug;
		};
		5596B70C298A1CA5003F5648 /* Release */ = {
			isa = XCBuildConfiguration;
			buildSettings = {
				ASSETCATALOG_COMPILER_APPICON_NAME = AppIcon;
				ASSETCATALOG_COMPILER_GLOBAL_ACCENT_COLOR_NAME = AccentColor;
				CODE_SIGN_STYLE = Automatic;
				CURRENT_PROJECT_VERSION = 1;
				GENERATE_INFOPLIST_FILE = YES;
				INFOPLIST_FILE = KittyFacts/Info.plist;
				INFOPLIST_KEY_UIApplicationSupportsIndirectInputEvents = YES;
				INFOPLIST_KEY_UILaunchStoryboardName = LaunchScreen;
				INFOPLIST_KEY_UIMainStoryboardFile = Main;
				INFOPLIST_KEY_UISupportedInterfaceOrientations_iPad = "UIInterfaceOrientationPortrait UIInterfaceOrientationPortraitUpsideDown UIInterfaceOrientationLandscapeLeft UIInterfaceOrientationLandscapeRight";
				INFOPLIST_KEY_UISupportedInterfaceOrientations_iPhone = "UIInterfaceOrientationPortrait UIInterfaceOrientationLandscapeLeft UIInterfaceOrientationLandscapeRight";
				LD_RUNPATH_SEARCH_PATHS = (
					"$(inherited)",
					"@executable_path/Frameworks",
				);
				MARKETING_VERSION = 1.0;
				PRODUCT_BUNDLE_IDENTIFIER = com.swapnil.KittyFacts;
				PRODUCT_NAME = "$(TARGET_NAME)";
				SWIFT_EMIT_LOC_STRINGS = YES;
				SWIFT_VERSION = 5.0;
				TARGETED_DEVICE_FAMILY = "1,2";
			};
			name = Release;
		};
		5596B70E298A1CA5003F5648 /* Debug */ = {
			isa = XCBuildConfiguration;
			buildSettings = {
				ALWAYS_EMBED_SWIFT_STANDARD_LIBRARIES = YES;
				BUNDLE_LOADER = "$(TEST_HOST)";
				CODE_SIGN_STYLE = Automatic;
				CURRENT_PROJECT_VERSION = 1;
				GENERATE_INFOPLIST_FILE = YES;
				IPHONEOS_DEPLOYMENT_TARGET = 16.2;
				MARKETING_VERSION = 1.0;
				PRODUCT_BUNDLE_IDENTIFIER = com.swapnil.KittyFactsTests;
				PRODUCT_NAME = "$(TARGET_NAME)";
				SWIFT_EMIT_LOC_STRINGS = NO;
				SWIFT_VERSION = 5.0;
				TARGETED_DEVICE_FAMILY = "1,2";
				TEST_HOST = "$(BUILT_PRODUCTS_DIR)/KittyFacts.app/$(BUNDLE_EXECUTABLE_FOLDER_PATH)/KittyFacts";
			};
			name = Debug;
		};
		5596B70F298A1CA5003F5648 /* Release */ = {
			isa = XCBuildConfiguration;
			buildSettings = {
				ALWAYS_EMBED_SWIFT_STANDARD_LIBRARIES = YES;
				BUNDLE_LOADER = "$(TEST_HOST)";
				CODE_SIGN_STYLE = Automatic;
				CURRENT_PROJECT_VERSION = 1;
				GENERATE_INFOPLIST_FILE = YES;
				IPHONEOS_DEPLOYMENT_TARGET = 16.2;
				MARKETING_VERSION = 1.0;
				PRODUCT_BUNDLE_IDENTIFIER = com.swapnil.KittyFactsTests;
				PRODUCT_NAME = "$(TARGET_NAME)";
				SWIFT_EMIT_LOC_STRINGS = NO;
				SWIFT_VERSION = 5.0;
				TARGETED_DEVICE_FAMILY = "1,2";
				TEST_HOST = "$(BUILT_PRODUCTS_DIR)/KittyFacts.app/$(BUNDLE_EXECUTABLE_FOLDER_PATH)/KittyFacts";
			};
			name = Release;
		};
		5596B711298A1CA5003F5648 /* Debug */ = {
			isa = XCBuildConfiguration;
			buildSettings = {
				ALWAYS_EMBED_SWIFT_STANDARD_LIBRARIES = YES;
				CODE_SIGN_STYLE = Automatic;
				CURRENT_PROJECT_VERSION = 1;
				GENERATE_INFOPLIST_FILE = YES;
				MARKETING_VERSION = 1.0;
				PRODUCT_BUNDLE_IDENTIFIER = com.swapnil.KittyFactsUITests;
				PRODUCT_NAME = "$(TARGET_NAME)";
				SWIFT_EMIT_LOC_STRINGS = NO;
				SWIFT_VERSION = 5.0;
				TARGETED_DEVICE_FAMILY = "1,2";
				TEST_TARGET_NAME = KittyFacts;
			};
			name = Debug;
		};
		5596B712298A1CA5003F5648 /* Release */ = {
			isa = XCBuildConfiguration;
			buildSettings = {
				ALWAYS_EMBED_SWIFT_STANDARD_LIBRARIES = YES;
				CODE_SIGN_STYLE = Automatic;
				CURRENT_PROJECT_VERSION = 1;
				GENERATE_INFOPLIST_FILE = YES;
				MARKETING_VERSION = 1.0;
				PRODUCT_BUNDLE_IDENTIFIER = com.swapnil.KittyFactsUITests;
				PRODUCT_NAME = "$(TARGET_NAME)";
				SWIFT_EMIT_LOC_STRINGS = NO;
				SWIFT_VERSION = 5.0;
				TARGETED_DEVICE_FAMILY = "1,2";
				TEST_TARGET_NAME = KittyFacts;
			};
			name = Release;
		};
/* End XCBuildConfiguration section */

/* Begin XCConfigurationList section */
		5596B6DB298A1CA4003F5648 /* Build configuration list for PBXProject "KittyFacts" */ = {
			isa = XCConfigurationList;
			buildConfigurations = (
				5596B708298A1CA5003F5648 /* Debug */,
				5596B709298A1CA5003F5648 /* Release */,
			);
			defaultConfigurationIsVisible = 0;
			defaultConfigurationName = Release;
		};
		5596B70A298A1CA5003F5648 /* Build configuration list for PBXNativeTarget "KittyFacts" */ = {
			isa = XCConfigurationList;
			buildConfigurations = (
				5596B70B298A1CA5003F5648 /* Debug */,
				5596B70C298A1CA5003F5648 /* Release */,
			);
			defaultConfigurationIsVisible = 0;
			defaultConfigurationName = Release;
		};
		5596B70D298A1CA5003F5648 /* Build configuration list for PBXNativeTarget "KittyFactsTests" */ = {
			isa = XCConfigurationList;
			buildConfigurations = (
				5596B70E298A1CA5003F5648 /* Debug */,
				5596B70F298A1CA5003F5648 /* Release */,
			);
			defaultConfigurationIsVisible = 0;
			defaultConfigurationName = Release;
		};
		5596B710298A1CA5003F5648 /* Build configuration list for PBXNativeTarget "KittyFactsUITests" */ = {
			isa = XCConfigurationList;
			buildConfigurations = (
				5596B711298A1CA5003F5648 /* Debug */,
				5596B712298A1CA5003F5648 /* Release */,
			);
			defaultConfigurationIsVisible = 0;
			defaultConfigurationName = Release;
		};
/* End XCConfigurationList section */
	};
	rootObject = 5596B6D8298A1CA4003F5648 /* Project object */;
}
